# This file is autogenerated, do not edit; changes may be undone by the next 'dep ensure'.


[[projects]]
  name = "github.com/confluentinc/confluent-kafka-go"
  packages = ["kafka"]
  revision = "f696f02dcbb04d95b103c5b848bb15f749a996f7"
  version = "v0.11.0"

[[projects]]
  branch = "master"
  name = "github.com/joeshaw/envdecode"
  packages = ["."]
  revision = "6326cbed175e32cd5183be1cc1027e0823c91edb"

[solve-meta]
  analyzer-name = "dep"
  analyzer-version = 1
  inputs-digest = "1ab4dc1290bf6c7604dd91d135001fbb0aeaf017785cd5277c450a2162b2483f"
  solver-name = "gps-cdcl"
  solver-version = 1
